
Microsoft Visual Studio Solution File, Format Version 12.00
# Visual Studio Version 17
VisualStudioVersion = 17.11.35219.272
MinimumVisualStudioVersion = 10.0.40219.1
Project("{9A19103F-16F7-4668-BE54-9A1E7A4F7556}") = "AppTest", "AppTest\AppTest.csproj", "{77F811A3-4F58-4C61-A19A-F8C2A2E7DC89}"
EndProject
Project("{9A19103F-16F7-4668-BE54-9A1E7A4F7556}") = "Dominio", "Dominio\Dominio.csproj", "{D0E17A14-D14B-4364-B1D2-0BFD1A059E40}"
EndProject
Project("{9A19103F-16F7-4668-BE54-9A1E7A4F7556}") = "Doc", "Doc\Doc.csproj", "{93DBF94C-76FD-4C39-A584-663B69DF3EB8}"
EndProject
Project("{9A19103F-16F7-4668-BE54-9A1E7A4F7556}") = "WebApp", "WebApp\WebApp.csproj", "{2D0F2672-446D-48C7-89C8-4A9FB4E46472}"
EndProject
Global
	GlobalSection(SolutionConfigurationPlatforms) = preSolution
		Debug|Any CPU = Debug|Any CPU
		Release|Any CPU = Release|Any CPU
	EndGlobalSection
	GlobalSection(ProjectConfigurationPlatforms) = postSolution
		{77F811A3-4F58-4C61-A19A-F8C2A2E7DC89}.Debug|Any CPU.ActiveCfg = Debug|Any CPU
		{77F811A3-4F58-4C61-A19A-F8C2A2E7DC89}.Debug|Any CPU.Build.0 = Debug|Any CPU
		{77F811A3-4F58-4C61-A19A-F8C2A2E7DC89}.Release|Any CPU.ActiveCfg = Release|Any CPU
		{77F811A3-4F58-4C61-A19A-F8C2A2E7DC89}.Release|Any CPU.Build.0 = Release|Any CPU
		{D0E17A14-D14B-4364-B1D2-0BFD1A059E40}.Debug|Any CPU.ActiveCfg = Debug|Any CPU
		{D0E17A14-D14B-4364-B1D2-0BFD1A059E40}.Debug|Any CPU.Build.0 = Debug|Any CPU
		{D0E17A14-D14B-4364-B1D2-0BFD1A059E40}.Release|Any CPU.ActiveCfg = Release|Any CPU
		{D0E17A14-D14B-4364-B1D2-0BFD1A059E40}.Release|Any CPU.Build.0 = Release|Any CPU
		{93DBF94C-76FD-4C39-A584-663B69DF3EB8}.Debug|Any CPU.ActiveCfg = Debug|Any CPU
		{93DBF94C-76FD-4C39-A584-663B69DF3EB8}.Debug|Any CPU.Build.0 = Debug|Any CPU
		{93DBF94C-76FD-4C39-A584-663B69DF3EB8}.Release|Any CPU.ActiveCfg = Release|Any CPU
		{93DBF94C-76FD-4C39-A584-663B69DF3EB8}.Release|Any CPU.Build.0 = Release|Any CPU
		{2D0F2672-446D-48C7-89C8-4A9FB4E46472}.Debug|Any CPU.ActiveCfg = Debug|Any CPU
		{2D0F2672-446D-48C7-89C8-4A9FB4E46472}.Debug|Any CPU.Build.0 = Debug|Any CPU
		{2D0F2672-446D-48C7-89C8-4A9FB4E46472}.Release|Any CPU.ActiveCfg = Release|Any CPU
		{2D0F2672-446D-48C7-89C8-4A9FB4E46472}.Release|Any CPU.Build.0 = Release|Any CPU
	EndGlobalSection
	GlobalSection(SolutionProperties) = preSolution
		HideSolutionNode = FALSE
	EndGlobalSection
	GlobalSection(ExtensibilityGlobals) = postSolution
		SolutionGuid = {FD62BEB9-6000-4A8D-B2E2-A3CB41C1E1B1}
	EndGlobalSection
EndGlobal
